
Microsoft Visual Studio Solution File, Format Version 12.00
# Visual Studio 2012
Project("{FAE04EC0-301F-11D3-BF4B-00C04F79EFBC}") = "MeasurementUnits", "MeasurementUnits\MeasurementUnits.csproj", "{28A77D33-50B7-4A98-A38C-E8BDE1F1CC29}"
EndProject
Project("{FAE04EC0-301F-11D3-BF4B-00C04F79EFBC}") = "UnitTest", "UnitTest\UnitTest.csproj", "{905ECEA2-8483-46D4-B1E2-1B4882360442}"
EndProject
Global
	GlobalSection(SolutionConfigurationPlatforms) = preSolution
		Debug|Any CPU = Debug|Any CPU
		Release|Any CPU = Release|Any CPU
	EndGlobalSection
	GlobalSection(ProjectConfigurationPlatforms) = postSolution
		{28A77D33-50B7-4A98-A38C-E8BDE1F1CC29}.Debug|Any CPU.ActiveCfg = Debug|Any CPU
		{28A77D33-50B7-4A98-A38C-E8BDE1F1CC29}.Debug|Any CPU.Build.0 = Debug|Any CPU
		{28A77D33-50B7-4A98-A38C-E8BDE1F1CC29}.Release|Any CPU.ActiveCfg = Release|Any CPU
		{28A77D33-50B7-4A98-A38C-E8BDE1F1CC29}.Release|Any CPU.Build.0 = Release|Any CPU
		{905ECEA2-8483-46D4-B1E2-1B4882360442}.Debug|Any CPU.ActiveCfg = Debug|Any CPU
		{905ECEA2-8483-46D4-B1E2-1B4882360442}.Debug|Any CPU.Build.0 = Debug|Any CPU
		{905ECEA2-8483-46D4-B1E2-1B4882360442}.Release|Any CPU.ActiveCfg = Release|Any CPU
		{905ECEA2-8483-46D4-B1E2-1B4882360442}.Release|Any CPU.Build.0 = Release|Any CPU
	EndGlobalSection
	GlobalSection(SolutionProperties) = preSolution
		HideSolutionNode = FALSE
	EndGlobalSection
EndGlobal
